// !$*UTF8*$!
{
	archiveVersion = 1;
	classes = {
	};
	objectVersion = 51;
	objects = {

/* Begin PBXBuildFile section */
		F6FAA2E22521C3DE002F17B0 /* AppDelegate.swift in Sources */ = {isa = PBXBuildFile; fileRef = F6FAA2E12521C3DE002F17B0 /* AppDelegate.swift */; };
		F6FAA2E42521C3DE002F17B0 /* SceneDelegate.swift in Sources */ = {isa = PBXBuildFile; fileRef = F6FAA2E32521C3DE002F17B0 /* SceneDelegate.swift */; };
		F6FAA2E62521C3DE002F17B0 /* ViewController.swift in Sources */ = {isa = PBXBuildFile; fileRef = F6FAA2E52521C3DE002F17B0 /* ViewController.swift */; };
		F6FAA2E92521C3DE002F17B0 /* Main.storyboard in Resources */ = {isa = PBXBuildFile; fileRef = F6FAA2E72521C3DE002F17B0 /* Main.storyboard */; };
		F6FAA2EB2521C3E0002F17B0 /* Assets.xcassets in Resources */ = {isa = PBXBuildFile; fileRef = F6FAA2EA2521C3E0002F17B0 /* Assets.xcassets */; };
		F6FAA2EE2521C3E0002F17B0 /* LaunchScreen.storyboard in Resources */ = {isa = PBXBuildFile; fileRef = F6FAA2EC2521C3E0002F17B0 /* LaunchScreen.storyboard */; };
		F6FAA2FC2521D6D2002F17B0 /* P1.swift in Sources */ = {isa = PBXBuildFile; fileRef = F6FAA2FB2521D6D2002F17B0 /* P1.swift */; };
		F6FAA3062522324D002F17B0 /* DI.swift in Sources */ = {isa = PBXBuildFile; fileRef = F6FAA3052522324D002F17B0 /* DI.swift */; };
		F6FAA30A252235A4002F17B0 /* P2.swift in Sources */ = {isa = PBXBuildFile; fileRef = F6FAA309252235A4002F17B0 /* P2.swift */; };
		F6FAA30E252237B5002F17B0 /* P3.swift in Sources */ = {isa = PBXBuildFile; fileRef = F6FAA30D252237B5002F17B0 /* P3.swift */; };
		F6FAA311252237BD002F17B0 /* P4.swift in Sources */ = {isa = PBXBuildFile; fileRef = F6FAA310252237BD002F17B0 /* P4.swift */; };
		F6FAA314252237C4002F17B0 /* P5.swift in Sources */ = {isa = PBXBuildFile; fileRef = F6FAA313252237C4002F17B0 /* P5.swift */; };
/* End PBXBuildFile section */

/* Begin PBXFileReference section */
		F6FAA2DE2521C3DE002F17B0 /* Tranq.app */ = {isa = PBXFileReference; explicitFileType = wrapper.application; includeInIndex = 0; path = Tranq.app; sourceTree = BUILT_PRODUCTS_DIR; };
		F6FAA2E12521C3DE002F17B0 /* AppDelegate.swift */ = {isa = PBXFileReference; lastKnownFileType = sourcecode.swift; path = AppDelegate.swift; sourceTree = "<group>"; };
		F6FAA2E32521C3DE002F17B0 /* SceneDelegate.swift */ = {isa = PBXFileReference; lastKnownFileType = sourcecode.swift; path = SceneDelegate.swift; sourceTree = "<group>"; };
		F6FAA2E52521C3DE002F17B0 /* ViewController.swift */ = {isa = PBXFileReference; lastKnownFileType = sourcecode.swift; path = ViewController.swift; sourceTree = "<group>"; };
		F6FAA2E82521C3DE002F17B0 /* Base */ = {isa = PBXFileReference; lastKnownFileType = file.storyboard; name = Base; path = Base.lproj/Main.storyboard; sourceTree = "<group>"; };
		F6FAA2EA2521C3E0002F17B0 /* Assets.xcassets */ = {isa = PBXFileReference; lastKnownFileType = folder.assetcatalog; path = Assets.xcassets; sourceTree = "<group>"; };
		F6FAA2ED2521C3E0002F17B0 /* Base */ = {isa = PBXFileReference; lastKnownFileType = file.storyboard; name = Base; path = Base.lproj/LaunchScreen.storyboard; sourceTree = "<group>"; };
		F6FAA2EF2521C3E0002F17B0 /* Info.plist */ = {isa = PBXFileReference; lastKnownFileType = text.plist.xml; path = Info.plist; sourceTree = "<group>"; };
		F6FAA2FB2521D6D2002F17B0 /* P1.swift */ = {isa = PBXFileReference; lastKnownFileType = sourcecode.swift; path = P1.swift; sourceTree = "<group>"; };
		F6FAA3052522324D002F17B0 /* DI.swift */ = {isa = PBXFileReference; lastKnownFileType = sourcecode.swift; path = DI.swift; sourceTree = "<group>"; };
		F6FAA309252235A4002F17B0 /* P2.swift */ = {isa = PBXFileReference; lastKnownFileType = sourcecode.swift; path = P2.swift; sourceTree = "<group>"; };
		F6FAA30D252237B5002F17B0 /* P3.swift */ = {isa = PBXFileReference; lastKnownFileType = sourcecode.swift; path = P3.swift; sourceTree = "<group>"; };
		F6FAA310252237BD002F17B0 /* P4.swift */ = {isa = PBXFileReference; lastKnownFileType = sourcecode.swift; path = P4.swift; sourceTree = "<group>"; };
		F6FAA313252237C4002F17B0 /* P5.swift */ = {isa = PBXFileReference; lastKnownFileType = sourcecode.swift; path = P5.swift; sourceTree = "<group>"; };
/* End PBXFileReference section */

/* Begin PBXFrameworksBuildPhase section */
		F6FAA2DB2521C3DE002F17B0 /* Frameworks */ = {
			isa = PBXFrameworksBuildPhase;
			buildActionMask = 2147483647;
			files = (
			);
			runOnlyForDeploymentPostprocessing = 0;
		};
/* End PBXFrameworksBuildPhase section */

/* Begin PBXGroup section */
		2AFC54DE04BF620195EE0BC5 /* Pods */ = {
			isa = PBXGroup;
			children = (
			);
			path = Pods;
			sourceTree = "<group>";
		};
		F6FAA2D52521C3DE002F17B0 = {
			isa = PBXGroup;
			children = (
				F6FAA2E02521C3DE002F17B0 /* Tranq */,
				F6FAA2DF2521C3DE002F17B0 /* Products */,
				2AFC54DE04BF620195EE0BC5 /* Pods */,
			);
			sourceTree = "<group>";
		};
		F6FAA2DF2521C3DE002F17B0 /* Products */ = {
			isa = PBXGroup;
			children = (
				F6FAA2DE2521C3DE002F17B0 /* Tranq.app */,
			);
			name = Products;
			sourceTree = "<group>";
		};
		F6FAA2E02521C3DE002F17B0 /* Tranq */ = {
			isa = PBXGroup;
			children = (
				F6FAA2E12521C3DE002F17B0 /* AppDelegate.swift */,
				F6FAA2E32521C3DE002F17B0 /* SceneDelegate.swift */,
				F6FAA2E52521C3DE002F17B0 /* ViewController.swift */,
				F6FAA2E72521C3DE002F17B0 /* Main.storyboard */,
				F6FAA2EA2521C3E0002F17B0 /* Assets.xcassets */,
				F6FAA2EC2521C3E0002F17B0 /* LaunchScreen.storyboard */,
				F6FAA2EF2521C3E0002F17B0 /* Info.plist */,
				F6FAA2FB2521D6D2002F17B0 /* P1.swift */,
				F6FAA309252235A4002F17B0 /* P2.swift */,
				F6FAA30D252237B5002F17B0 /* P3.swift */,
				F6FAA310252237BD002F17B0 /* P4.swift */,
				F6FAA313252237C4002F17B0 /* P5.swift */,
				F6FAA3052522324D002F17B0 /* DI.swift */,
			);
			path = Tranq;
			sourceTree = "<group>";
		};
/* End PBXGroup section */

/* Begin PBXNativeTarget section */
		F6FAA2DD2521C3DE002F17B0 /* Tranq */ = {
			isa = PBXNativeTarget;
			buildConfigurationList = F6FAA2F22521C3E0002F17B0 /* Build configuration list for PBXNativeTarget "Tranq" */;
			buildPhases = (
				F6FAA2DA2521C3DE002F17B0 /* Sources */,
				F6FAA2DB2521C3DE002F17B0 /* Frameworks */,
				F6FAA2DC2521C3DE002F17B0 /* Resources */,
			);
			buildRules = (
			);
			dependencies = (
			);
			name = Tranq;
			productName = Tranq;
			productReference = F6FAA2DE2521C3DE002F17B0 /* Tranq.app */;
			productType = "com.apple.product-type.application";
		};
/* End PBXNativeTarget section */

/* Begin PBXProject section */
		F6FAA2D62521C3DE002F17B0 /* Project object */ = {
			isa = PBXProject;
			attributes = {
				LastSwiftUpdateCheck = 1200;
				LastUpgradeCheck = 1200;
				TargetAttributes = {
					F6FAA2DD2521C3DE002F17B0 = {
						CreatedOnToolsVersion = 12.0;
					};
				};
			};
			buildConfigurationList = F6FAA2D92521C3DE002F17B0 /* Build configuration list for PBXProject "Tranq" */;
			compatibilityVersion = "Xcode 9.3";
			developmentRegion = en;
			hasScannedForEncodings = 0;
			knownRegions = (
				en,
				Base,
			);
			mainGroup = F6FAA2D52521C3DE002F17B0;
			productRefGroup = F6FAA2DF2521C3DE002F17B0 /* Products */;
			projectDirPath = "";
			projectRoot = "";
			targets = (
				F6FAA2DD2521C3DE002F17B0 /* Tranq */,
			);
		};
/* End PBXProject section */

/* Begin PBXResourcesBuildPhase section */
		F6FAA2DC2521C3DE002F17B0 /* Resources */ = {
			isa = PBXResourcesBuildPhase;
			buildActionMask = 2147483647;
			files = (
				F6FAA2EE2521C3E0002F17B0 /* LaunchScreen.storyboard in Resources */,
				F6FAA2EB2521C3E0002F17B0 /* Assets.xcassets in Resources */,
				F6FAA2E92521C3DE002F17B0 /* Main.storyboard in Resources */,
			);
			runOnlyForDeploymentPostprocessing = 0;
		};
/* End PBXResourcesBuildPhase section */

/* Begin PBXSourcesBuildPhase section */
		F6FAA2DA2521C3DE002F17B0 /* Sources */ = {
			isa = PBXSourcesBuildPhase;
			buildActionMask = 2147483647;
			files = (
				F6FAA2E62521C3DE002F17B0 /* ViewController.swift in Sources */,
				F6FAA2E22521C3DE002F17B0 /* AppDelegate.swift in Sources */,
				F6FAA314252237C4002F17B0 /* P5.swift in Sources */,
				F6FAA3062522324D002F17B0 /* DI.swift in Sources */,
				F6FAA2E42521C3DE002F17B0 /* SceneDelegate.swift in Sources */,
				F6FAA2FC2521D6D2002F17B0 /* P1.swift in Sources */,
				F6FAA30E252237B5002F17B0 /* P3.swift in Sources */,
				F6FAA30A252235A4002F17B0 /* P2.swift in Sources */,
				F6FAA311252237BD002F17B0 /* P4.swift in Sources */,
			);
			runOnlyForDeploymentPostprocessing = 0;
		};
/* End PBXSourcesBuildPhase section */

/* Begin PBXVariantGroup section */
		F6FAA2E72521C3DE002F17B0 /* Main.storyboard */ = {
			isa = PBXVariantGroup;
			children = (
				F6FAA2E82521C3DE002F17B0 /* Base */,
			);
			name = Main.storyboard;
			sourceTree = "<group>";
		};
		F6FAA2EC2521C3E0002F17B0 /* LaunchScreen.storyboard */ = {
			isa = PBXVariantGroup;
			children = (
				F6FAA2ED2521C3E0002F17B0 /* Base */,
			);
			name = LaunchScreen.storyboard;
			sourceTree = "<group>";
		};
/* End PBXVariantGroup section */

/* Begin XCBuildConfiguration section */
		F6FAA2F02521C3E0002F17B0 /* Debug */ = {
			isa = XCBuildConfiguration;
			buildSettings = {
				ALWAYS_SEARCH_USER_PATHS = NO;
				CLANG_ANALYZER_NONNULL = YES;
				CLANG_ANALYZER_NUMBER_OBJECT_CONVERSION = YES_AGGRESSIVE;
				CLANG_CXX_LANGUAGE_STANDARD = "gnu++14";
				CLANG_CXX_LIBRARY = "libc++";
				CLANG_ENABLE_MODULES = YES;
				CLANG_ENABLE_OBJC_ARC = YES;
				CLANG_ENABLE_OBJC_WEAK = YES;
				CLANG_WARN_BLOCK_CAPTURE_AUTORELEASING = YES;
				CLANG_WARN_BOOL_CONVERSION = YES;
				CLANG_WARN_COMMA = YES;
				CLANG_WARN_CONSTANT_CONVERSION = YES;
				CLANG_WARN_DEPRECATED_OBJC_IMPLEMENTATIONS = YES;
				CLANG_WARN_DIRECT_OBJC_ISA_USAGE = YES_ERROR;
				CLANG_WARN_DOCUMENTATION_COMMENTS = YES;
				CLANG_WARN_EMPTY_BODY = YES;
				CLANG_WARN_ENUM_CONVERSION = YES;
				CLANG_WARN_INFINITE_RECURSION = YES;
				CLANG_WARN_INT_CONVERSION = YES;
				CLANG_WARN_NON_LITERAL_NULL_CONVERSION = YES;
				CLANG_WARN_OBJC_IMPLICIT_RETAIN_SELF = YES;
				CLANG_WARN_OBJC_LITERAL_CONVERSION = YES;
				CLANG_WARN_OBJC_ROOT_CLASS = YES_ERROR;
				CLANG_WARN_QUOTED_INCLUDE_IN_FRAMEWORK_HEADER = YES;
				CLANG_WARN_RANGE_LOOP_ANALYSIS = YES;
				CLANG_WARN_STRICT_PROTOTYPES = YES;
				CLANG_WARN_SUSPICIOUS_MOVE = YES;
				CLANG_WARN_UNGUARDED_AVAILABILITY = YES_AGGRESSIVE;
				CLANG_WARN_UNREACHABLE_CODE = YES;
				CLANG_WARN__DUPLICATE_METHOD_MATCH = YES;
				COPY_PHASE_STRIP = NO;
				DEBUG_INFORMATION_FORMAT = dwarf;
				ENABLE_STRICT_OBJC_MSGSEND = YES;
				ENABLE_TESTABILITY = YES;
				GCC_C_LANGUAGE_STANDARD = gnu11;
				GCC_DYNAMIC_NO_PIC = NO;
				GCC_NO_COMMON_BLOCKS = YES;
				GCC_OPTIMIZATION_LEVEL = 0;
				GCC_PREPROCESSOR_DEFINITIONS = (
					"DEBUG=1",
					"$(inherited)",
				);
				GCC_WARN_64_TO_32_BIT_CONVERSION = YES;
				GCC_WARN_ABOUT_RETURN_TYPE = YES_ERROR;
				GCC_WARN_UNDECLARED_SELECTOR = YES;
				GCC_WARN_UNINITIALIZED_AUTOS = YES_AGGRESSIVE;
				GCC_WARN_UNUSED_FUNCTION = YES;
				GCC_WARN_UNUSED_VARIABLE = YES;
				IPHONEOS_DEPLOYMENT_TARGET = 14.0;
				MTL_ENABLE_DEBUG_INFO = INCLUDE_SOURCE;
				MTL_FAST_MATH = YES;
				ONLY_ACTIVE_ARCH = YES;
				SDKROOT = iphoneos;
				SWIFT_ACTIVE_COMPILATION_CONDITIONS = DEBUG;
				SWIFT_OPTIMIZATION_LEVEL = "-Onone";
			};
			name = Debug;
		};
		F6FAA2F12521C3E0002F17B0 /* Release */ = {
			isa = XCBuildConfiguration;
			buildSettings = {
				ALWAYS_SEARCH_USER_PATHS = NO;
				CLANG_ANALYZER_NONNULL = YES;
				CLANG_ANALYZER_NUMBER_OBJECT_CONVERSION = YES_AGGRESSIVE;
				CLANG_CXX_LANGUAGE_STANDARD = "gnu++14";
				CLANG_CXX_LIBRARY = "libc++";
				CLANG_ENABLE_MODULES = YES;
				CLANG_ENABLE_OBJC_ARC = YES;
				CLANG_ENABLE_OBJC_WEAK = YES;
				CLANG_WARN_BLOCK_CAPTURE_AUTORELEASING = YES;
				CLANG_WARN_BOOL_CONVERSION = YES;
				CLANG_WARN_COMMA = YES;
				CLANG_WARN_CONSTANT_CONVERSION = YES;
				CLANG_WARN_DEPRECATED_OBJC_IMPLEMENTATIONS = YES;
				CLANG_WARN_DIRECT_OBJC_ISA_USAGE = YES_ERROR;
				CLANG_WARN_DOCUMENTATION_COMMENTS = YES;
				CLANG_WARN_EMPTY_BODY = YES;
				CLANG_WARN_ENUM_CONVERSION = YES;
				CLANG_WARN_INFINITE_RECURSION = YES;
				CLANG_WARN_INT_CONVERSION = YES;
				CLANG_WARN_NON_LITERAL_NULL_CONVERSION = YES;
				CLANG_WARN_OBJC_IMPLICIT_RETAIN_SELF = YES;
				CLANG_WARN_OBJC_LITERAL_CONVERSION = YES;
				CLANG_WARN_OBJC_ROOT_CLASS = YES_ERROR;
				CLANG_WARN_QUOTED_INCLUDE_IN_FRAMEWORK_HEADER = YES;
				CLANG_WARN_RANGE_LOOP_ANALYSIS = YES;
				CLANG_WARN_STRICT_PROTOTYPES = YES;
				CLANG_WARN_SUSPICIOUS_MOVE = YES;
				CLANG_WARN_UNGUARDED_AVAILABILITY = YES_AGGRESSIVE;
				CLANG_WARN_UNREACHABLE_CODE = YES;
				CLANG_WARN__DUPLICATE_METHOD_MATCH = YES;
				COPY_PHASE_STRIP = NO;
				DEBUG_INFORMATION_FORMAT = "dwarf-with-dsym";
				ENABLE_NS_ASSERTIONS = NO;
				ENABLE_STRICT_OBJC_MSGSEND = YES;
				GCC_C_LANGUAGE_STANDARD = gnu11;
				GCC_NO_COMMON_BLOCKS = YES;
				GCC_WARN_64_TO_32_BIT_CONVERSION = YES;
				GCC_WARN_ABOUT_RETURN_TYPE = YES_ERROR;
				GCC_WARN_UNDECLARED_SELECTOR = YES;
				GCC_WARN_UNINITIALIZED_AUTOS = YES_AGGRESSIVE;
				GCC_WARN_UNUSED_FUNCTION = YES;
				GCC_WARN_UNUSED_VARIABLE = YES;
				IPHONEOS_DEPLOYMENT_TARGET = 14.0;
				MTL_ENABLE_DEBUG_INFO = NO;
				MTL_FAST_MATH = YES;
				SDKROOT = iphoneos;
				SWIFT_COMPILATION_MODE = wholemodule;
				SWIFT_OPTIMIZATION_LEVEL = "-O";
				VALIDATE_PRODUCT = YES;
			};
			name = Release;
		};
		F6FAA2F32521C3E0002F17B0 /* Debug */ = {
			isa = XCBuildConfiguration;
			buildSettings = {
				ASSETCATALOG_COMPILER_APPICON_NAME = AppIcon;
				ASSETCATALOG_COMPILER_GLOBAL_ACCENT_COLOR_NAME = AccentColor;
				CODE_SIGN_STYLE = Automatic;
				DEVELOPMENT_TEAM = J4ZTCP5WE5;
				INFOPLIST_FILE = Tranq/Info.plist;
				LD_RUNPATH_SEARCH_PATHS = (
					"$(inherited)",
					"@executable_path/Frameworks",
				);
				PRODUCT_BUNDLE_IDENTIFIER = com.nz.develop.Tranq;
				PRODUCT_NAME = "$(TARGET_NAME)";
				SWIFT_VERSION = 5.0;
				TARGETED_DEVICE_FAMILY = "1,2";
			};
			name = Debug;
		};
		F6FAA2F42521C3E0002F17B0 /* Release */ = {
			isa = XCBuildConfiguration;
			buildSettings = {
				ASSETCATALOG_COMPILER_APPICON_NAME = AppIcon;
				ASSETCATALOG_COMPILER_GLOBAL_ACCENT_COLOR_NAME = AccentColor;
				CODE_SIGN_STYLE = Automatic;
				DEVELOPMENT_TEAM = J4ZTCP5WE5;
				INFOPLIST_FILE = Tranq/Info.plist;
				LD_RUNPATH_SEARCH_PATHS = (
					"$(inherited)",
					"@executable_path/Frameworks",
				);
				PRODUCT_BUNDLE_IDENTIFIER = com.nz.develop.Tranq;
				PRODUCT_NAME = "$(TARGET_NAME)";
				SWIFT_VERSION = 5.0;
				TARGETED_DEVICE_FAMILY = "1,2";
			};
			name = Release;
		};
/* End XCBuildConfiguration section */

/* Begin XCConfigurationList section */
		F6FAA2D92521C3DE002F17B0 /* Build configuration list for PBXProject "Tranq" */ = {
			isa = XCConfigurationList;
			buildConfigurations = (
				F6FAA2F02521C3E0002F17B0 /* Debug */,
				F6FAA2F12521C3E0002F17B0 /* Release */,
			);
			defaultConfigurationIsVisible = 0;
			defaultConfigurationName = Release;
		};
		F6FAA2F22521C3E0002F17B0 /* Build configuration list for PBXNativeTarget "Tranq" */ = {
			isa = XCConfigurationList;
			buildConfigurations = (
				F6FAA2F32521C3E0002F17B0 /* Debug */,
				F6FAA2F42521C3E0002F17B0 /* Release */,
			);
			defaultConfigurationIsVisible = 0;
			defaultConfigurationName = Release;
		};
/* End XCConfigurationList section */
	};
	rootObject = F6FAA2D62521C3DE002F17B0 /* Project object */;
}
